PODS:
  - Alamofire (5.6.1)
  - SnapKit (5.6.0)
  - SwiftLint (0.47.0)
  - SwiftyJSON (5.0.1)

DEPENDENCIES:
  - Alamofire
  - SnapKit
  - SwiftLint
  - SwiftyJSON

SPEC REPOS:
  trunk:
    - Alamofire
    - SnapKit
    - SwiftLint
    - SwiftyJSON

SPEC CHECKSUMS:
  Alamofire: 87bd8c952f9a4454320fce00d9cc3de57bcadaf5
  SnapKit: e01d52ebb8ddbc333eefe2132acf85c8227d9c25
  SwiftLint: d41cc46a2ae58ac6d9f26954bc89f1d72e71fdef
  SwiftyJSON: 2f33a42c6fbc52764d96f13368585094bfd8aa5e

PODFILE CHECKSUM: fbd3c85e150299c76b4b8165b25d7fb51437e479

COCOAPODS: 1.11.3
