// !$*UTF8*$!
{
	archiveVersion = 1;
	classes = {
	};
	objectVersion = 55;
	objects = {

/* Begin PBXBuildFile section */
		3928634B2892AB99002E406D /* DetailViewController.swift in Sources */ = {isa = PBXBuildFile; fileRef = 3928634A2892AB99002E406D /* DetailViewController.swift */; };
		3939122B2896D1E700A89D03 /* JSONCategories.json in Resources */ = {isa = PBXBuildFile; fileRef = 3939122A2896D1E700A89D03 /* JSONCategories.json */; };
		3939122D2896DB8B00A89D03 /* DataService.swift in Sources */ = {isa = PBXBuildFile; fileRef = 3939122C2896DB8B00A89D03 /* DataService.swift */; };
		3939122F2899551F00A89D03 /* JSONEvents.json in Resources */ = {isa = PBXBuildFile; fileRef = 3939122E2899551F00A89D03 /* JSONEvents.json */; };
		393C729228AE4B5B004766A0 /* EventsView.swift in Sources */ = {isa = PBXBuildFile; fileRef = 393C729128AE4B5B004766A0 /* EventsView.swift */; };
		393C729528AE5B41004766A0 /* HelpView.swift in Sources */ = {isa = PBXBuildFile; fileRef = 393C729428AE5B41004766A0 /* HelpView.swift */; };
		393C729728AE5E9A004766A0 /* CGSizeExtension.swift in Sources */ = {isa = PBXBuildFile; fileRef = 393C729628AE5E9A004766A0 /* CGSizeExtension.swift */; };
		393C729928AE5EC1004766A0 /* CGFloatExtension.swift in Sources */ = {isa = PBXBuildFile; fileRef = 393C729828AE5EC1004766A0 /* CGFloatExtension.swift */; };
		394EB1F128AAE3CF001CAACC /* UsersView.swift in Sources */ = {isa = PBXBuildFile; fileRef = 394EB1F028AAE3CF001CAACC /* UsersView.swift */; };
		394EB1F328AAEA2B001CAACC /* ImageSetView.swift in Sources */ = {isa = PBXBuildFile; fileRef = 394EB1F228AAEA2B001CAACC /* ImageSetView.swift */; };
		395B27A22893D51B00C99B84 /* NSAttributedStringExtension.swift in Sources */ = {isa = PBXBuildFile; fileRef = 395B27A12893D51B00C99B84 /* NSAttributedStringExtension.swift */; };
		3972CA7B28C3749000450EE5 /* SimbirSoft.xcdatamodeld in Sources */ = {isa = PBXBuildFile; fileRef = 3972CA7928C3749000450EE5 /* SimbirSoft.xcdatamodeld */; };
		3972CA9E28C385BA00450EE5 /* DataStoreService.swift in Sources */ = {isa = PBXBuildFile; fileRef = 3972CA9D28C385BA00450EE5 /* DataStoreService.swift */; };
		3983157E289543FA00489042 /* NSMutableParagraphStyleExtension.swift in Sources */ = {isa = PBXBuildFile; fileRef = 3983157D289543FA00489042 /* NSMutableParagraphStyleExtension.swift */; };
		39B3FE1E28AC43A4006C63ED /* UILabelExtension.swift in Sources */ = {isa = PBXBuildFile; fileRef = 39B3FE1D28AC43A4006C63ED /* UILabelExtension.swift */; };
		39B7BE932880517D00077A5D /* Officinasansextraboldscc.otf in Resources */ = {isa = PBXBuildFile; fileRef = 39B7BE912880517D00077A5D /* Officinasansextraboldscc.otf */; };
		39B7BE942880517D00077A5D /* sf-ui-text-regular.ttf in Resources */ = {isa = PBXBuildFile; fileRef = 39B7BE922880517D00077A5D /* sf-ui-text-regular.ttf */; };
		39B7BEA82881742D00077A5D /* MainCollectionViewCell.swift in Sources */ = {isa = PBXBuildFile; fileRef = 39B7BEA62881742D00077A5D /* MainCollectionViewCell.swift */; };
		39B7BEB028817F4700077A5D /* Category.swift in Sources */ = {isa = PBXBuildFile; fileRef = 39B7BEAF28817F4700077A5D /* Category.swift */; };
		39B7BEB62881B4A300077A5D /* MainTabBarController.swift in Sources */ = {isa = PBXBuildFile; fileRef = 39B7BEB52881B4A300077A5D /* MainTabBarController.swift */; };
		39B7BEB82881B74300077A5D /* CustomTabBar.swift in Sources */ = {isa = PBXBuildFile; fileRef = 39B7BEB72881B74300077A5D /* CustomTabBar.swift */; };
		39C1F0DD28C7AC8B00143853 /* EventEntity+CoreDataClass.swift in Sources */ = {isa = PBXBuildFile; fileRef = 39C1F0D928C7AC8A00143853 /* EventEntity+CoreDataClass.swift */; };
		39C1F0DE28C7AC8B00143853 /* EventEntity+CoreDataProperties.swift in Sources */ = {isa = PBXBuildFile; fileRef = 39C1F0DA28C7AC8A00143853 /* EventEntity+CoreDataProperties.swift */; };
		39C1F0DF28C7AC8B00143853 /* CategoryEntity+CoreDataProperties.swift in Sources */ = {isa = PBXBuildFile; fileRef = 39C1F0DB28C7AC8B00143853 /* CategoryEntity+CoreDataProperties.swift */; };
		39C1F0E028C7AC8B00143853 /* CategoryEntity+CoreDataClass.swift in Sources */ = {isa = PBXBuildFile; fileRef = 39C1F0DC28C7AC8B00143853 /* CategoryEntity+CoreDataClass.swift */; };
		39C29898288D890E0065CCAA /* UIColorExtension.swift in Sources */ = {isa = PBXBuildFile; fileRef = 39C29897288D890E0065CCAA /* UIColorExtension.swift */; };
		39C2989A288D89F50065CCAA /* UIFontExtension.swift in Sources */ = {isa = PBXBuildFile; fileRef = 39C29899288D89F50065CCAA /* UIFontExtension.swift */; };
		39C298A7288DE0EF0065CCAA /* EventsViewController.swift in Sources */ = {isa = PBXBuildFile; fileRef = 39C298A6288DE0EF0065CCAA /* EventsViewController.swift */; };
		39C298A9288DE67D0065CCAA /* Event.swift in Sources */ = {isa = PBXBuildFile; fileRef = 39C298A8288DE67D0065CCAA /* Event.swift */; };
		39C298AF288E9BA30065CCAA /* sf-ui-text-medium.ttf in Resources */ = {isa = PBXBuildFile; fileRef = 39C298AE288E9BA30065CCAA /* sf-ui-text-medium.ttf */; };
		39C298B1288EAC290065CCAA /* EventCollectionViewCell.swift in Sources */ = {isa = PBXBuildFile; fileRef = 39C298B0288EAC290065CCAA /* EventCollectionViewCell.swift */; };
		39F1DE1528AA842E00523C74 /* DetailView.swift in Sources */ = {isa = PBXBuildFile; fileRef = 39F1DE1428AA842E00523C74 /* DetailView.swift */; };
		39F1DE1828AA87B300523C74 /* ButtonsView.swift in Sources */ = {isa = PBXBuildFile; fileRef = 39F1DE1728AA87B300523C74 /* ButtonsView.swift */; };
		39F1DE1D28AACD2A00523C74 /* DateView.swift in Sources */ = {isa = PBXBuildFile; fileRef = 39F1DE1C28AACD2A00523C74 /* DateView.swift */; };
		39F1DE1F28AAD01300523C74 /* InfoView.swift in Sources */ = {isa = PBXBuildFile; fileRef = 39F1DE1E28AAD01300523C74 /* InfoView.swift */; };
		39F1DE2228AAD04400523C74 /* AddressView.swift in Sources */ = {isa = PBXBuildFile; fileRef = 39F1DE2128AAD04400523C74 /* AddressView.swift */; };
		39F1DE2428AAD56100523C74 /* PhoneView.swift in Sources */ = {isa = PBXBuildFile; fileRef = 39F1DE2328AAD56100523C74 /* PhoneView.swift */; };
		39F1DE2628AAD62C00523C74 /* MailView.swift in Sources */ = {isa = PBXBuildFile; fileRef = 39F1DE2528AAD62C00523C74 /* MailView.swift */; };
		39F5D4F7287F32740037E660 /* AppDelegate.swift in Sources */ = {isa = PBXBuildFile; fileRef = 39F5D4F6287F32740037E660 /* AppDelegate.swift */; };
		39F5D4F9287F32740037E660 /* SceneDelegate.swift in Sources */ = {isa = PBXBuildFile; fileRef = 39F5D4F8287F32740037E660 /* SceneDelegate.swift */; };
		39F5D4FB287F32740037E660 /* HelpViewController.swift in Sources */ = {isa = PBXBuildFile; fileRef = 39F5D4FA287F32740037E660 /* HelpViewController.swift */; };
		39F5D500287F32750037E660 /* Assets.xcassets in Resources */ = {isa = PBXBuildFile; fileRef = 39F5D4FF287F32750037E660 /* Assets.xcassets */; };
		39F5D503287F32750037E660 /* LaunchScreen.storyboard in Resources */ = {isa = PBXBuildFile; fileRef = 39F5D501287F32750037E660 /* LaunchScreen.storyboard */; };
		7889B2DC4CD18E2BEBFEA2F5 /* Pods_SimbirSoft.framework in Frameworks */ = {isa = PBXBuildFile; fileRef = 7EB8F69D8AC7A51CEB31E209 /* Pods_SimbirSoft.framework */; };
/* End PBXBuildFile section */

/* Begin PBXFileReference section */
		3928634A2892AB99002E406D /* DetailViewController.swift */ = {isa = PBXFileReference; lastKnownFileType = sourcecode.swift; path = DetailViewController.swift; sourceTree = "<group>"; };
		3939122A2896D1E700A89D03 /* JSONCategories.json */ = {isa = PBXFileReference; lastKnownFileType = text.json; path = JSONCategories.json; sourceTree = "<group>"; };
		3939122C2896DB8B00A89D03 /* DataService.swift */ = {isa = PBXFileReference; lastKnownFileType = sourcecode.swift; path = DataService.swift; sourceTree = "<group>"; };
		3939122E2899551F00A89D03 /* JSONEvents.json */ = {isa = PBXFileReference; lastKnownFileType = text.json; path = JSONEvents.json; sourceTree = "<group>"; };
		393C729128AE4B5B004766A0 /* EventsView.swift */ = {isa = PBXFileReference; lastKnownFileType = sourcecode.swift; path = EventsView.swift; sourceTree = "<group>"; };
		393C729428AE5B41004766A0 /* HelpView.swift */ = {isa = PBXFileReference; lastKnownFileType = sourcecode.swift; path = HelpView.swift; sourceTree = "<group>"; };
		393C729628AE5E9A004766A0 /* CGSizeExtension.swift */ = {isa = PBXFileReference; lastKnownFileType = sourcecode.swift; path = CGSizeExtension.swift; sourceTree = "<group>"; };
		393C729828AE5EC1004766A0 /* CGFloatExtension.swift */ = {isa = PBXFileReference; lastKnownFileType = sourcecode.swift; path = CGFloatExtension.swift; sourceTree = "<group>"; };
		394EB1F028AAE3CF001CAACC /* UsersView.swift */ = {isa = PBXFileReference; lastKnownFileType = sourcecode.swift; path = UsersView.swift; sourceTree = "<group>"; };
		394EB1F228AAEA2B001CAACC /* ImageSetView.swift */ = {isa = PBXFileReference; lastKnownFileType = sourcecode.swift; path = ImageSetView.swift; sourceTree = "<group>"; };
		395B27A12893D51B00C99B84 /* NSAttributedStringExtension.swift */ = {isa = PBXFileReference; lastKnownFileType = sourcecode.swift; path = NSAttributedStringExtension.swift; sourceTree = "<group>"; };
		3972CA7A28C3749000450EE5 /* SimbirSoft.xcdatamodel */ = {isa = PBXFileReference; lastKnownFileType = wrapper.xcdatamodel; path = SimbirSoft.xcdatamodel; sourceTree = "<group>"; };
		3972CA9D28C385BA00450EE5 /* DataStoreService.swift */ = {isa = PBXFileReference; lastKnownFileType = sourcecode.swift; path = DataStoreService.swift; sourceTree = "<group>"; };
		3983157D289543FA00489042 /* NSMutableParagraphStyleExtension.swift */ = {isa = PBXFileReference; lastKnownFileType = sourcecode.swift; path = NSMutableParagraphStyleExtension.swift; sourceTree = "<group>"; };
		39B3FE1D28AC43A4006C63ED /* UILabelExtension.swift */ = {isa = PBXFileReference; lastKnownFileType = sourcecode.swift; path = UILabelExtension.swift; sourceTree = "<group>"; };
		39B7BE912880517D00077A5D /* Officinasansextraboldscc.otf */ = {isa = PBXFileReference; lastKnownFileType = file; path = Officinasansextraboldscc.otf; sourceTree = "<group>"; };
		39B7BE922880517D00077A5D /* sf-ui-text-regular.ttf */ = {isa = PBXFileReference; lastKnownFileType = file; path = "sf-ui-text-regular.ttf"; sourceTree = "<group>"; };
		39B7BEA62881742D00077A5D /* MainCollectionViewCell.swift */ = {isa = PBXFileReference; lastKnownFileType = sourcecode.swift; path = MainCollectionViewCell.swift; sourceTree = "<group>"; };
		39B7BEAF28817F4700077A5D /* Category.swift */ = {isa = PBXFileReference; lastKnownFileType = sourcecode.swift; path = Category.swift; sourceTree = "<group>"; };
		39B7BEB52881B4A300077A5D /* MainTabBarController.swift */ = {isa = PBXFileReference; lastKnownFileType = sourcecode.swift; path = MainTabBarController.swift; sourceTree = "<group>"; };
		39B7BEB72881B74300077A5D /* CustomTabBar.swift */ = {isa = PBXFileReference; lastKnownFileType = sourcecode.swift; path = CustomTabBar.swift; sourceTree = "<group>"; };
		39C1F0D928C7AC8A00143853 /* EventEntity+CoreDataClass.swift */ = {isa = PBXFileReference; fileEncoding = 4; lastKnownFileType = sourcecode.swift; path = "EventEntity+CoreDataClass.swift"; sourceTree = "<group>"; };
		39C1F0DA28C7AC8A00143853 /* EventEntity+CoreDataProperties.swift */ = {isa = PBXFileReference; fileEncoding = 4; lastKnownFileType = sourcecode.swift; path = "EventEntity+CoreDataProperties.swift"; sourceTree = "<group>"; };
		39C1F0DB28C7AC8B00143853 /* CategoryEntity+CoreDataProperties.swift */ = {isa = PBXFileReference; fileEncoding = 4; lastKnownFileType = sourcecode.swift; path = "CategoryEntity+CoreDataProperties.swift"; sourceTree = "<group>"; };
		39C1F0DC28C7AC8B00143853 /* CategoryEntity+CoreDataClass.swift */ = {isa = PBXFileReference; fileEncoding = 4; lastKnownFileType = sourcecode.swift; path = "CategoryEntity+CoreDataClass.swift"; sourceTree = "<group>"; };
		39C29897288D890E0065CCAA /* UIColorExtension.swift */ = {isa = PBXFileReference; lastKnownFileType = sourcecode.swift; path = UIColorExtension.swift; sourceTree = "<group>"; };
		39C29899288D89F50065CCAA /* UIFontExtension.swift */ = {isa = PBXFileReference; lastKnownFileType = sourcecode.swift; path = UIFontExtension.swift; sourceTree = "<group>"; };
		39C298A6288DE0EF0065CCAA /* EventsViewController.swift */ = {isa = PBXFileReference; lastKnownFileType = sourcecode.swift; path = EventsViewController.swift; sourceTree = "<group>"; };
		39C298A8288DE67D0065CCAA /* Event.swift */ = {isa = PBXFileReference; lastKnownFileType = sourcecode.swift; path = Event.swift; sourceTree = "<group>"; };
		39C298AE288E9BA30065CCAA /* sf-ui-text-medium.ttf */ = {isa = PBXFileReference; lastKnownFileType = file; path = "sf-ui-text-medium.ttf"; sourceTree = "<group>"; };
		39C298B0288EAC290065CCAA /* EventCollectionViewCell.swift */ = {isa = PBXFileReference; lastKnownFileType = sourcecode.swift; path = EventCollectionViewCell.swift; sourceTree = "<group>"; };
		39F1DE1428AA842E00523C74 /* DetailView.swift */ = {isa = PBXFileReference; lastKnownFileType = sourcecode.swift; path = DetailView.swift; sourceTree = "<group>"; };
		39F1DE1728AA87B300523C74 /* ButtonsView.swift */ = {isa = PBXFileReference; lastKnownFileType = sourcecode.swift; path = ButtonsView.swift; sourceTree = "<group>"; };
		39F1DE1C28AACD2A00523C74 /* DateView.swift */ = {isa = PBXFileReference; lastKnownFileType = sourcecode.swift; path = DateView.swift; sourceTree = "<group>"; };
		39F1DE1E28AAD01300523C74 /* InfoView.swift */ = {isa = PBXFileReference; lastKnownFileType = sourcecode.swift; path = InfoView.swift; sourceTree = "<group>"; };
		39F1DE2128AAD04400523C74 /* AddressView.swift */ = {isa = PBXFileReference; lastKnownFileType = sourcecode.swift; path = AddressView.swift; sourceTree = "<group>"; };
		39F1DE2328AAD56100523C74 /* PhoneView.swift */ = {isa = PBXFileReference; lastKnownFileType = sourcecode.swift; path = PhoneView.swift; sourceTree = "<group>"; };
		39F1DE2528AAD62C00523C74 /* MailView.swift */ = {isa = PBXFileReference; lastKnownFileType = sourcecode.swift; path = MailView.swift; sourceTree = "<group>"; };
		39F5D4F3287F32740037E660 /* SimbirSoft.app */ = {isa = PBXFileReference; explicitFileType = wrapper.application; includeInIndex = 0; path = SimbirSoft.app; sourceTree = BUILT_PRODUCTS_DIR; };
		39F5D4F6287F32740037E660 /* AppDelegate.swift */ = {isa = PBXFileReference; lastKnownFileType = sourcecode.swift; path = AppDelegate.swift; sourceTree = "<group>"; };
		39F5D4F8287F32740037E660 /* SceneDelegate.swift */ = {isa = PBXFileReference; lastKnownFileType = sourcecode.swift; path = SceneDelegate.swift; sourceTree = "<group>"; };
		39F5D4FA287F32740037E660 /* HelpViewController.swift */ = {isa = PBXFileReference; lastKnownFileType = sourcecode.swift; path = HelpViewController.swift; sourceTree = "<group>"; };
		39F5D4FF287F32750037E660 /* Assets.xcassets */ = {isa = PBXFileReference; lastKnownFileType = folder.assetcatalog; path = Assets.xcassets; sourceTree = "<group>"; };
		39F5D502287F32750037E660 /* Base */ = {isa = PBXFileReference; lastKnownFileType = file.storyboard; name = Base; path = Base.lproj/LaunchScreen.storyboard; sourceTree = "<group>"; };
		39F5D504287F32750037E660 /* Info.plist */ = {isa = PBXFileReference; lastKnownFileType = text.plist.xml; path = Info.plist; sourceTree = "<group>"; };
		7EB8F69D8AC7A51CEB31E209 /* Pods_SimbirSoft.framework */ = {isa = PBXFileReference; explicitFileType = wrapper.framework; includeInIndex = 0; path = Pods_SimbirSoft.framework; sourceTree = BUILT_PRODUCTS_DIR; };
		BC52CDE85E62DC176029B583 /* Pods-SimbirSoft.debug.xcconfig */ = {isa = PBXFileReference; includeInIndex = 1; lastKnownFileType = text.xcconfig; name = "Pods-SimbirSoft.debug.xcconfig"; path = "Target Support Files/Pods-SimbirSoft/Pods-SimbirSoft.debug.xcconfig"; sourceTree = "<group>"; };
		FA78AA847AC6AE05850255F5 /* Pods-SimbirSoft.release.xcconfig */ = {isa = PBXFileReference; includeInIndex = 1; lastKnownFileType = text.xcconfig; name = "Pods-SimbirSoft.release.xcconfig"; path = "Target Support Files/Pods-SimbirSoft/Pods-SimbirSoft.release.xcconfig"; sourceTree = "<group>"; };
/* End PBXFileReference section */

/* Begin PBXFrameworksBuildPhase section */
		39F5D4F0287F32740037E660 /* Frameworks */ = {
			isa = PBXFrameworksBuildPhase;
			buildActionMask = 2147483647;
			files = (
				7889B2DC4CD18E2BEBFEA2F5 /* Pods_SimbirSoft.framework in Frameworks */,
			);
			runOnlyForDeploymentPostprocessing = 0;
		};
/* End PBXFrameworksBuildPhase section */

/* Begin PBXGroup section */
		2060D522ADF4D05A0190B514 /* Frameworks */ = {
			isa = PBXGroup;
			children = (
				7EB8F69D8AC7A51CEB31E209 /* Pods_SimbirSoft.framework */,
			);
			name = Frameworks;
			sourceTree = "<group>";
		};
		392863462892A1DF002E406D /* DetailScreen */ = {
			isa = PBXGroup;
			children = (
				39E2001A28A8193A00EF6AA4 /* MainView */,
				392863492892A207002E406D /* Controller */,
			);
			path = DetailScreen;
			sourceTree = "<group>";
		};
		392863492892A207002E406D /* Controller */ = {
			isa = PBXGroup;
			children = (
				3928634A2892AB99002E406D /* DetailViewController.swift */,
			);
			path = Controller;
			sourceTree = "<group>";
		};
		393912282896D1A400A89D03 /* Services */ = {
			isa = PBXGroup;
			children = (
				3939122C2896DB8B00A89D03 /* DataService.swift */,
				3972CA9D28C385BA00450EE5 /* DataStoreService.swift */,
			);
			path = Services;
			sourceTree = "<group>";
		};
		393912292896D1B300A89D03 /* JSON */ = {
			isa = PBXGroup;
			children = (
				3939122A2896D1E700A89D03 /* JSONCategories.json */,
				3939122E2899551F00A89D03 /* JSONEvents.json */,
			);
			path = JSON;
			sourceTree = "<group>";
		};
		393C729028AE4B43004766A0 /* Cell */ = {
			isa = PBXGroup;
			children = (
				39C298B0288EAC290065CCAA /* EventCollectionViewCell.swift */,
			);
			path = Cell;
			sourceTree = "<group>";
		};
		393C729328AE5B32004766A0 /* Cell */ = {
			isa = PBXGroup;
			children = (
				39B7BEA62881742D00077A5D /* MainCollectionViewCell.swift */,
			);
			path = Cell;
			sourceTree = "<group>";
		};
		3972CA7C28C380A900450EE5 /* Entities */ = {
			isa = PBXGroup;
			children = (
				39C1F0DC28C7AC8B00143853 /* CategoryEntity+CoreDataClass.swift */,
				39C1F0DB28C7AC8B00143853 /* CategoryEntity+CoreDataProperties.swift */,
				39C1F0D928C7AC8A00143853 /* EventEntity+CoreDataClass.swift */,
				39C1F0DA28C7AC8A00143853 /* EventEntity+CoreDataProperties.swift */,
			);
			path = Entities;
			sourceTree = "<group>";
		};
		39B717A1288D829700DC5E2A /* MainModule */ = {
			isa = PBXGroup;
			children = (
				39B7BEA12881712700077A5D /* View */,
				39B7BE9F2881710600077A5D /* Controller */,
			);
			path = MainModule;
			sourceTree = "<group>";
		};
		39B717A2288D857300DC5E2A /* Resources */ = {
			isa = PBXGroup;
			children = (
				393912292896D1B300A89D03 /* JSON */,
				39B7BE902880512500077A5D /* Fonts */,
				39F5D504287F32750037E660 /* Info.plist */,
				39F5D4FF287F32750037E660 /* Assets.xcassets */,
				39F5D501287F32750037E660 /* LaunchScreen.storyboard */,
				3972CA7928C3749000450EE5 /* SimbirSoft.xcdatamodeld */,
			);
			path = Resources;
			sourceTree = "<group>";
		};
		39B7BE902880512500077A5D /* Fonts */ = {
			isa = PBXGroup;
			children = (
				39C298AE288E9BA30065CCAA /* sf-ui-text-medium.ttf */,
				39B7BE912880517D00077A5D /* Officinasansextraboldscc.otf */,
				39B7BE922880517D00077A5D /* sf-ui-text-regular.ttf */,
			);
			path = Fonts;
			sourceTree = "<group>";
		};
		39B7BE9F2881710600077A5D /* Controller */ = {
			isa = PBXGroup;
			children = (
				39B7BEB52881B4A300077A5D /* MainTabBarController.swift */,
			);
			path = Controller;
			sourceTree = "<group>";
		};
		39B7BEA12881712700077A5D /* View */ = {
			isa = PBXGroup;
			children = (
				39B7BEB72881B74300077A5D /* CustomTabBar.swift */,
			);
			path = View;
			sourceTree = "<group>";
		};
		39C29894288D88BB0065CCAA /* Extensions */ = {
			isa = PBXGroup;
			children = (
				39C29897288D890E0065CCAA /* UIColorExtension.swift */,
				39C29899288D89F50065CCAA /* UIFontExtension.swift */,
				395B27A12893D51B00C99B84 /* NSAttributedStringExtension.swift */,
				3983157D289543FA00489042 /* NSMutableParagraphStyleExtension.swift */,
				39B3FE1D28AC43A4006C63ED /* UILabelExtension.swift */,
				393C729628AE5E9A004766A0 /* CGSizeExtension.swift */,
				393C729828AE5EC1004766A0 /* CGFloatExtension.swift */,
			);
			path = Extensions;
			sourceTree = "<group>";
		};
		39C2989B288DAE2E0065CCAA /* HelpModule */ = {
			isa = PBXGroup;
			children = (
				39C298A1288DB94A0065CCAA /* HelpScreen */,
				39C298A2288DB9520065CCAA /* EventsScreen */,
				392863462892A1DF002E406D /* DetailScreen */,
			);
			path = HelpModule;
			sourceTree = "<group>";
		};
		39C2989C288DAE410065CCAA /* Model */ = {
			isa = PBXGroup;
			children = (
				39B7BEAF28817F4700077A5D /* Category.swift */,
			);
			path = Model;
			sourceTree = "<group>";
		};
		39C2989D288DAE460065CCAA /* View */ = {
			isa = PBXGroup;
			children = (
				393C729328AE5B32004766A0 /* Cell */,
				393C729428AE5B41004766A0 /* HelpView.swift */,
			);
			path = View;
			sourceTree = "<group>";
		};
		39C2989E288DAE4A0065CCAA /* Controller */ = {
			isa = PBXGroup;
			children = (
				39F5D4FA287F32740037E660 /* HelpViewController.swift */,
			);
			path = Controller;
			sourceTree = "<group>";
		};
		39C298A1288DB94A0065CCAA /* HelpScreen */ = {
			isa = PBXGroup;
			children = (
				39C2989C288DAE410065CCAA /* Model */,
				39C2989D288DAE460065CCAA /* View */,
				39C2989E288DAE4A0065CCAA /* Controller */,
			);
			path = HelpScreen;
			sourceTree = "<group>";
		};
		39C298A2288DB9520065CCAA /* EventsScreen */ = {
			isa = PBXGroup;
			children = (
				39C298A5288DB9880065CCAA /* Model */,
				39C298A4288DB9810065CCAA /* View */,
				39C298A3288DB9780065CCAA /* Controller */,
			);
			path = EventsScreen;
			sourceTree = "<group>";
		};
		39C298A3288DB9780065CCAA /* Controller */ = {
			isa = PBXGroup;
			children = (
				39C298A6288DE0EF0065CCAA /* EventsViewController.swift */,
			);
			path = Controller;
			sourceTree = "<group>";
		};
		39C298A4288DB9810065CCAA /* View */ = {
			isa = PBXGroup;
			children = (
				393C729028AE4B43004766A0 /* Cell */,
				393C729128AE4B5B004766A0 /* EventsView.swift */,
			);
			path = View;
			sourceTree = "<group>";
		};
		39C298A5288DB9880065CCAA /* Model */ = {
			isa = PBXGroup;
			children = (
				39C298A8288DE67D0065CCAA /* Event.swift */,
			);
			path = Model;
			sourceTree = "<group>";
		};
		39E2001A28A8193A00EF6AA4 /* MainView */ = {
			isa = PBXGroup;
			children = (
				39F1DE1928AA89E500523C74 /* Views */,
				39F1DE1428AA842E00523C74 /* DetailView.swift */,
			);
			path = MainView;
			sourceTree = "<group>";
		};
		39F1DE1928AA89E500523C74 /* Views */ = {
			isa = PBXGroup;
			children = (
				39F1DE1728AA87B300523C74 /* ButtonsView.swift */,
				39F1DE1C28AACD2A00523C74 /* DateView.swift */,
				394EB1F028AAE3CF001CAACC /* UsersView.swift */,
				394EB1F228AAEA2B001CAACC /* ImageSetView.swift */,
				39F1DE1E28AAD01300523C74 /* InfoView.swift */,
				39F1DE2028AAD02900523C74 /* InfoViews */,
			);
			path = Views;
			sourceTree = "<group>";
		};
		39F1DE2028AAD02900523C74 /* InfoViews */ = {
			isa = PBXGroup;
			children = (
				39F1DE2128AAD04400523C74 /* AddressView.swift */,
				39F1DE2328AAD56100523C74 /* PhoneView.swift */,
				39F1DE2528AAD62C00523C74 /* MailView.swift */,
			);
			path = InfoViews;
			sourceTree = "<group>";
		};
		39F5D4EA287F32740037E660 = {
			isa = PBXGroup;
			children = (
				39F5D4F5287F32740037E660 /* SimbirSoft */,
				39B717A2288D857300DC5E2A /* Resources */,
				39F5D4F4287F32740037E660 /* Products */,
				847E5BA9533C59962E680266 /* Pods */,
				2060D522ADF4D05A0190B514 /* Frameworks */,
			);
			sourceTree = "<group>";
		};
		39F5D4F4287F32740037E660 /* Products */ = {
			isa = PBXGroup;
			children = (
				39F5D4F3287F32740037E660 /* SimbirSoft.app */,
			);
			name = Products;
			sourceTree = "<group>";
		};
		39F5D4F5287F32740037E660 /* SimbirSoft */ = {
			isa = PBXGroup;
			children = (
				39F5D4F6287F32740037E660 /* AppDelegate.swift */,
				39F5D4F8287F32740037E660 /* SceneDelegate.swift */,
				3972CA7C28C380A900450EE5 /* Entities */,
				393912282896D1A400A89D03 /* Services */,
				39C29894288D88BB0065CCAA /* Extensions */,
				39B717A1288D829700DC5E2A /* MainModule */,
				39C2989B288DAE2E0065CCAA /* HelpModule */,
			);
			path = SimbirSoft;
			sourceTree = "<group>";
		};
		847E5BA9533C59962E680266 /* Pods */ = {
			isa = PBXGroup;
			children = (
				BC52CDE85E62DC176029B583 /* Pods-SimbirSoft.debug.xcconfig */,
				FA78AA847AC6AE05850255F5 /* Pods-SimbirSoft.release.xcconfig */,
			);
			path = Pods;
			sourceTree = "<group>";
		};
/* End PBXGroup section */

/* Begin PBXNativeTarget section */
		39F5D4F2287F32740037E660 /* SimbirSoft */ = {
			isa = PBXNativeTarget;
			buildConfigurationList = 39F5D507287F32750037E660 /* Build configuration list for PBXNativeTarget "SimbirSoft" */;
			buildPhases = (
				F7C664A24500C2D3A5D6B156 /* [CP] Check Pods Manifest.lock */,
				39B7BE8F28802E1400077A5D /* ShellScript */,
				39F5D4EF287F32740037E660 /* Sources */,
				39F5D4F0287F32740037E660 /* Frameworks */,
				39F5D4F1287F32740037E660 /* Resources */,
				C88E72FC8E7AB72CDBF6A2BC /* [CP] Embed Pods Frameworks */,
			);
			buildRules = (
			);
			dependencies = (
			);
			name = SimbirSoft;
			productName = SimbirSoft;
			productReference = 39F5D4F3287F32740037E660 /* SimbirSoft.app */;
			productType = "com.apple.product-type.application";
		};
/* End PBXNativeTarget section */

/* Begin PBXProject section */
		39F5D4EB287F32740037E660 /* Project object */ = {
			isa = PBXProject;
			attributes = {
				BuildIndependentTargetsInParallel = 1;
				LastSwiftUpdateCheck = 1330;
				LastUpgradeCheck = 1330;
				TargetAttributes = {
					39F5D4F2287F32740037E660 = {
						CreatedOnToolsVersion = 13.3;
					};
				};
			};
			buildConfigurationList = 39F5D4EE287F32740037E660 /* Build configuration list for PBXProject "SimbirSoft" */;
			compatibilityVersion = "Xcode 13.0";
			developmentRegion = en;
			hasScannedForEncodings = 0;
			knownRegions = (
				en,
				Base,
			);
			mainGroup = 39F5D4EA287F32740037E660;
			productRefGroup = 39F5D4F4287F32740037E660 /* Products */;
			projectDirPath = "";
			projectRoot = "";
			targets = (
				39F5D4F2287F32740037E660 /* SimbirSoft */,
			);
		};
/* End PBXProject section */

/* Begin PBXResourcesBuildPhase section */
		39F5D4F1287F32740037E660 /* Resources */ = {
			isa = PBXResourcesBuildPhase;
			buildActionMask = 2147483647;
			files = (
				39F5D503287F32750037E660 /* LaunchScreen.storyboard in Resources */,
				3939122B2896D1E700A89D03 /* JSONCategories.json in Resources */,
				39B7BE932880517D00077A5D /* Officinasansextraboldscc.otf in Resources */,
				3939122F2899551F00A89D03 /* JSONEvents.json in Resources */,
				39C298AF288E9BA30065CCAA /* sf-ui-text-medium.ttf in Resources */,
				39B7BE942880517D00077A5D /* sf-ui-text-regular.ttf in Resources */,
				39F5D500287F32750037E660 /* Assets.xcassets in Resources */,
			);
			runOnlyForDeploymentPostprocessing = 0;
		};
/* End PBXResourcesBuildPhase section */

/* Begin PBXShellScriptBuildPhase section */
		39B7BE8F28802E1400077A5D /* ShellScript */ = {
			isa = PBXShellScriptBuildPhase;
			buildActionMask = 2147483647;
			files = (
			);
			inputFileListPaths = (
			);
			inputPaths = (
			);
			outputFileListPaths = (
			);
			outputPaths = (
			);
			runOnlyForDeploymentPostprocessing = 0;
			shellPath = /bin/sh;
			shellScript = "${PODS_ROOT}/SwiftLint/swiftlint\n";
		};
		C88E72FC8E7AB72CDBF6A2BC /* [CP] Embed Pods Frameworks */ = {
			isa = PBXShellScriptBuildPhase;
			buildActionMask = 2147483647;
			files = (
			);
			inputFileListPaths = (
				"${PODS_ROOT}/Target Support Files/Pods-SimbirSoft/Pods-SimbirSoft-frameworks-${CONFIGURATION}-input-files.xcfilelist",
			);
			name = "[CP] Embed Pods Frameworks";
			outputFileListPaths = (
				"${PODS_ROOT}/Target Support Files/Pods-SimbirSoft/Pods-SimbirSoft-frameworks-${CONFIGURATION}-output-files.xcfilelist",
			);
			runOnlyForDeploymentPostprocessing = 0;
			shellPath = /bin/sh;
			shellScript = "\"${PODS_ROOT}/Target Support Files/Pods-SimbirSoft/Pods-SimbirSoft-frameworks.sh\"\n";
			showEnvVarsInLog = 0;
		};
		F7C664A24500C2D3A5D6B156 /* [CP] Check Pods Manifest.lock */ = {
			isa = PBXShellScriptBuildPhase;
			buildActionMask = 2147483647;
			files = (
			);
			inputFileListPaths = (
			);
			inputPaths = (
				"${PODS_PODFILE_DIR_PATH}/Podfile.lock",
				"${PODS_ROOT}/Manifest.lock",
			);
			name = "[CP] Check Pods Manifest.lock";
			outputFileListPaths = (
			);
			outputPaths = (
				"$(DERIVED_FILE_DIR)/Pods-SimbirSoft-checkManifestLockResult.txt",
			);
			runOnlyForDeploymentPostprocessing = 0;
			shellPath = /bin/sh;
			shellScript = "diff \"${PODS_PODFILE_DIR_PATH}/Podfile.lock\" \"${PODS_ROOT}/Manifest.lock\" > /dev/null\nif [ $? != 0 ] ; then\n    # print error to STDERR\n    echo \"error: The sandbox is not in sync with the Podfile.lock. Run 'pod install' or update your CocoaPods installation.\" >&2\n    exit 1\nfi\n# This output is used by Xcode 'outputs' to avoid re-running this script phase.\necho \"SUCCESS\" > \"${SCRIPT_OUTPUT_FILE_0}\"\n";
			showEnvVarsInLog = 0;
		};
/* End PBXShellScriptBuildPhase section */

/* Begin PBXSourcesBuildPhase section */
		39F5D4EF287F32740037E660 /* Sources */ = {
			isa = PBXSourcesBuildPhase;
			buildActionMask = 2147483647;
			files = (
				3928634B2892AB99002E406D /* DetailViewController.swift in Sources */,
				39F5D4FB287F32740037E660 /* HelpViewController.swift in Sources */,
				39F1DE1528AA842E00523C74 /* DetailView.swift in Sources */,
				39C298A9288DE67D0065CCAA /* Event.swift in Sources */,
				395B27A22893D51B00C99B84 /* NSAttributedStringExtension.swift in Sources */,
				39B7BEB028817F4700077A5D /* Category.swift in Sources */,
				39F1DE1828AA87B300523C74 /* ButtonsView.swift in Sources */,
				393C729728AE5E9A004766A0 /* CGSizeExtension.swift in Sources */,
				39C1F0DD28C7AC8B00143853 /* EventEntity+CoreDataClass.swift in Sources */,
				39B7BEB82881B74300077A5D /* CustomTabBar.swift in Sources */,
				39F1DE1F28AAD01300523C74 /* InfoView.swift in Sources */,
				3983157E289543FA00489042 /* NSMutableParagraphStyleExtension.swift in Sources */,
				39B7BEB62881B4A300077A5D /* MainTabBarController.swift in Sources */,
				39F5D4F7287F32740037E660 /* AppDelegate.swift in Sources */,
				39B3FE1E28AC43A4006C63ED /* UILabelExtension.swift in Sources */,
				39C29898288D890E0065CCAA /* UIColorExtension.swift in Sources */,
				39C1F0E028C7AC8B00143853 /* CategoryEntity+CoreDataClass.swift in Sources */,
				3972CA9E28C385BA00450EE5 /* DataStoreService.swift in Sources */,
				3939122D2896DB8B00A89D03 /* DataService.swift in Sources */,
				393C729928AE5EC1004766A0 /* CGFloatExtension.swift in Sources */,
				3972CA7B28C3749000450EE5 /* SimbirSoft.xcdatamodeld in Sources */,
				39F1DE2228AAD04400523C74 /* AddressView.swift in Sources */,
				39C2989A288D89F50065CCAA /* UIFontExtension.swift in Sources */,
				393C729528AE5B41004766A0 /* HelpView.swift in Sources */,
				39B7BEA82881742D00077A5D /* MainCollectionViewCell.swift in Sources */,
				39F1DE2628AAD62C00523C74 /* MailView.swift in Sources */,
				39C298B1288EAC290065CCAA /* EventCollectionViewCell.swift in Sources */,
				39F5D4F9287F32740037E660 /* SceneDelegate.swift in Sources */,
				39F1DE1D28AACD2A00523C74 /* DateView.swift in Sources */,
				394EB1F328AAEA2B001CAACC /* ImageSetView.swift in Sources */,
				39C298A7288DE0EF0065CCAA /* EventsViewController.swift in Sources */,
				39F1DE2428AAD56100523C74 /* PhoneView.swift in Sources */,
				39C1F0DE28C7AC8B00143853 /* EventEntity+CoreDataProperties.swift in Sources */,
				394EB1F128AAE3CF001CAACC /* UsersView.swift in Sources */,
				39C1F0DF28C7AC8B00143853 /* CategoryEntity+CoreDataProperties.swift in Sources */,
				393C729228AE4B5B004766A0 /* EventsView.swift in Sources */,
			);
			runOnlyForDeploymentPostprocessing = 0;
		};
/* End PBXSourcesBuildPhase section */

/* Begin PBXVariantGroup section */
		39F5D501287F32750037E660 /* LaunchScreen.storyboard */ = {
			isa = PBXVariantGroup;
			children = (
				39F5D502287F32750037E660 /* Base */,
			);
			name = LaunchScreen.storyboard;
			sourceTree = "<group>";
		};
/* End PBXVariantGroup section */

/* Begin XCBuildConfiguration section */
		39F5D505287F32750037E660 /* Debug */ = {
			isa = XCBuildConfiguration;
			buildSettings = {
				ALWAYS_SEARCH_USER_PATHS = NO;
				CLANG_ANALYZER_NONNULL = YES;
				CLANG_ANALYZER_NUMBER_OBJECT_CONVERSION = YES_AGGRESSIVE;
				CLANG_CXX_LANGUAGE_STANDARD = "gnu++17";
				CLANG_ENABLE_MODULES = YES;
				CLANG_ENABLE_OBJC_ARC = YES;
				CLANG_ENABLE_OBJC_WEAK = YES;
				CLANG_WARN_BLOCK_CAPTURE_AUTORELEASING = YES;
				CLANG_WARN_BOOL_CONVERSION = YES;
				CLANG_WARN_COMMA = YES;
				CLANG_WARN_CONSTANT_CONVERSION = YES;
				CLANG_WARN_DEPRECATED_OBJC_IMPLEMENTATIONS = YES;
				CLANG_WARN_DIRECT_OBJC_ISA_USAGE = YES_ERROR;
				CLANG_WARN_DOCUMENTATION_COMMENTS = YES;
				CLANG_WARN_EMPTY_BODY = YES;
				CLANG_WARN_ENUM_CONVERSION = YES;
				CLANG_WARN_INFINITE_RECURSION = YES;
				CLANG_WARN_INT_CONVERSION = YES;
				CLANG_WARN_NON_LITERAL_NULL_CONVERSION = YES;
				CLANG_WARN_OBJC_IMPLICIT_RETAIN_SELF = YES;
				CLANG_WARN_OBJC_LITERAL_CONVERSION = YES;
				CLANG_WARN_OBJC_ROOT_CLASS = YES_ERROR;
				CLANG_WARN_QUOTED_INCLUDE_IN_FRAMEWORK_HEADER = YES;
				CLANG_WARN_RANGE_LOOP_ANALYSIS = YES;
				CLANG_WARN_STRICT_PROTOTYPES = YES;
				CLANG_WARN_SUSPICIOUS_MOVE = YES;
				CLANG_WARN_UNGUARDED_AVAILABILITY = YES_AGGRESSIVE;
				CLANG_WARN_UNREACHABLE_CODE = YES;
				CLANG_WARN__DUPLICATE_METHOD_MATCH = YES;
				COPY_PHASE_STRIP = NO;
				DEBUG_INFORMATION_FORMAT = dwarf;
				ENABLE_STRICT_OBJC_MSGSEND = YES;
				ENABLE_TESTABILITY = YES;
				GCC_C_LANGUAGE_STANDARD = gnu11;
				GCC_DYNAMIC_NO_PIC = NO;
				GCC_NO_COMMON_BLOCKS = YES;
				GCC_OPTIMIZATION_LEVEL = 0;
				GCC_PREPROCESSOR_DEFINITIONS = (
					"DEBUG=1",
					"$(inherited)",
				);
				GCC_WARN_64_TO_32_BIT_CONVERSION = YES;
				GCC_WARN_ABOUT_RETURN_TYPE = YES_ERROR;
				GCC_WARN_UNDECLARED_SELECTOR = YES;
				GCC_WARN_UNINITIALIZED_AUTOS = YES_AGGRESSIVE;
				GCC_WARN_UNUSED_FUNCTION = YES;
				GCC_WARN_UNUSED_VARIABLE = YES;
				INFOPLIST_FILE = /Users/nayfront/Desktop/SimbirSoft/SimbirSoft/Resources/Info.plist;
				IPHONEOS_DEPLOYMENT_TARGET = 15.0;
				MTL_ENABLE_DEBUG_INFO = INCLUDE_SOURCE;
				MTL_FAST_MATH = YES;
				ONLY_ACTIVE_ARCH = YES;
				SDKROOT = iphoneos;
				SWIFT_ACTIVE_COMPILATION_CONDITIONS = DEBUG;
				SWIFT_OPTIMIZATION_LEVEL = "-Onone";
			};
			name = Debug;
		};
		39F5D506287F32750037E660 /* Release */ = {
			isa = XCBuildConfiguration;
			buildSettings = {
				ALWAYS_SEARCH_USER_PATHS = NO;
				CLANG_ANALYZER_NONNULL = YES;
				CLANG_ANALYZER_NUMBER_OBJECT_CONVERSION = YES_AGGRESSIVE;
				CLANG_CXX_LANGUAGE_STANDARD = "gnu++17";
				CLANG_ENABLE_MODULES = YES;
				CLANG_ENABLE_OBJC_ARC = YES;
				CLANG_ENABLE_OBJC_WEAK = YES;
				CLANG_WARN_BLOCK_CAPTURE_AUTORELEASING = YES;
				CLANG_WARN_BOOL_CONVERSION = YES;
				CLANG_WARN_COMMA = YES;
				CLANG_WARN_CONSTANT_CONVERSION = YES;
				CLANG_WARN_DEPRECATED_OBJC_IMPLEMENTATIONS = YES;
				CLANG_WARN_DIRECT_OBJC_ISA_USAGE = YES_ERROR;
				CLANG_WARN_DOCUMENTATION_COMMENTS = YES;
				CLANG_WARN_EMPTY_BODY = YES;
				CLANG_WARN_ENUM_CONVERSION = YES;
				CLANG_WARN_INFINITE_RECURSION = YES;
				CLANG_WARN_INT_CONVERSION = YES;
				CLANG_WARN_NON_LITERAL_NULL_CONVERSION = YES;
				CLANG_WARN_OBJC_IMPLICIT_RETAIN_SELF = YES;
				CLANG_WARN_OBJC_LITERAL_CONVERSION = YES;
				CLANG_WARN_OBJC_ROOT_CLASS = YES_ERROR;
				CLANG_WARN_QUOTED_INCLUDE_IN_FRAMEWORK_HEADER = YES;
				CLANG_WARN_RANGE_LOOP_ANALYSIS = YES;
				CLANG_WARN_STRICT_PROTOTYPES = YES;
				CLANG_WARN_SUSPICIOUS_MOVE = YES;
				CLANG_WARN_UNGUARDED_AVAILABILITY = YES_AGGRESSIVE;
				CLANG_WARN_UNREACHABLE_CODE = YES;
				CLANG_WARN__DUPLICATE_METHOD_MATCH = YES;
				COPY_PHASE_STRIP = NO;
				DEBUG_INFORMATION_FORMAT = "dwarf-with-dsym";
				ENABLE_NS_ASSERTIONS = NO;
				ENABLE_STRICT_OBJC_MSGSEND = YES;
				GCC_C_LANGUAGE_STANDARD = gnu11;
				GCC_NO_COMMON_BLOCKS = YES;
				GCC_WARN_64_TO_32_BIT_CONVERSION = YES;
				GCC_WARN_ABOUT_RETURN_TYPE = YES_ERROR;
				GCC_WARN_UNDECLARED_SELECTOR = YES;
				GCC_WARN_UNINITIALIZED_AUTOS = YES_AGGRESSIVE;
				GCC_WARN_UNUSED_FUNCTION = YES;
				GCC_WARN_UNUSED_VARIABLE = YES;
				INFOPLIST_FILE = /Users/nayfront/Desktop/SimbirSoft/SimbirSoft/Resources/Info.plist;
				IPHONEOS_DEPLOYMENT_TARGET = 15.0;
				MTL_ENABLE_DEBUG_INFO = NO;
				MTL_FAST_MATH = YES;
				SDKROOT = iphoneos;
				SWIFT_COMPILATION_MODE = wholemodule;
				SWIFT_OPTIMIZATION_LEVEL = "-O";
				VALIDATE_PRODUCT = YES;
			};
			name = Release;
		};
		39F5D508287F32750037E660 /* Debug */ = {
			isa = XCBuildConfiguration;
			baseConfigurationReference = BC52CDE85E62DC176029B583 /* Pods-SimbirSoft.debug.xcconfig */;
			buildSettings = {
				ASSETCATALOG_COMPILER_APPICON_NAME = AppIcon;
				ASSETCATALOG_COMPILER_GLOBAL_ACCENT_COLOR_NAME = AccentColor;
				CODE_SIGN_STYLE = Automatic;
				CURRENT_PROJECT_VERSION = 1;
				DEVELOPMENT_TEAM = 2JXHDBN22D;
				GENERATE_INFOPLIST_FILE = YES;
				INFOPLIST_FILE = Resources/Info.plist;
				INFOPLIST_KEY_UIApplicationSupportsIndirectInputEvents = YES;
				INFOPLIST_KEY_UILaunchStoryboardName = LaunchScreen;
				INFOPLIST_KEY_UISupportedInterfaceOrientations_iPad = "UIInterfaceOrientationPortrait UIInterfaceOrientationPortraitUpsideDown UIInterfaceOrientationLandscapeLeft UIInterfaceOrientationLandscapeRight";
				INFOPLIST_KEY_UISupportedInterfaceOrientations_iPhone = "UIInterfaceOrientationPortrait UIInterfaceOrientationLandscapeLeft UIInterfaceOrientationLandscapeRight";
				LD_RUNPATH_SEARCH_PATHS = (
					"$(inherited)",
					"@executable_path/Frameworks",
				);
				MARKETING_VERSION = 1.0;
				PRODUCT_BUNDLE_IDENTIFIER = ITIS.SimbirSoft;
				PRODUCT_NAME = "$(TARGET_NAME)";
				SWIFT_EMIT_LOC_STRINGS = YES;
				SWIFT_VERSION = 5.0;
				TARGETED_DEVICE_FAMILY = "1,2";
			};
			name = Debug;
		};
		39F5D509287F32750037E660 /* Release */ = {
			isa = XCBuildConfiguration;
			baseConfigurationReference = FA78AA847AC6AE05850255F5 /* Pods-SimbirSoft.release.xcconfig */;
			buildSettings = {
				ASSETCATALOG_COMPILER_APPICON_NAME = AppIcon;
				ASSETCATALOG_COMPILER_GLOBAL_ACCENT_COLOR_NAME = AccentColor;
				CODE_SIGN_STYLE = Automatic;
				CURRENT_PROJECT_VERSION = 1;
				DEVELOPMENT_TEAM = 2JXHDBN22D;
				GENERATE_INFOPLIST_FILE = YES;
				INFOPLIST_FILE = Resources/Info.plist;
				INFOPLIST_KEY_UIApplicationSupportsIndirectInputEvents = YES;
				INFOPLIST_KEY_UILaunchStoryboardName = LaunchScreen;
				INFOPLIST_KEY_UISupportedInterfaceOrientations_iPad = "UIInterfaceOrientationPortrait UIInterfaceOrientationPortraitUpsideDown UIInterfaceOrientationLandscapeLeft UIInterfaceOrientationLandscapeRight";
				INFOPLIST_KEY_UISupportedInterfaceOrientations_iPhone = "UIInterfaceOrientationPortrait UIInterfaceOrientationLandscapeLeft UIInterfaceOrientationLandscapeRight";
				LD_RUNPATH_SEARCH_PATHS = (
					"$(inherited)",
					"@executable_path/Frameworks",
				);
				MARKETING_VERSION = 1.0;
				PRODUCT_BUNDLE_IDENTIFIER = ITIS.SimbirSoft;
				PRODUCT_NAME = "$(TARGET_NAME)";
				SWIFT_EMIT_LOC_STRINGS = YES;
				SWIFT_VERSION = 5.0;
				TARGETED_DEVICE_FAMILY = "1,2";
			};
			name = Release;
		};
/* End XCBuildConfiguration section */

/* Begin XCConfigurationList section */
		39F5D4EE287F32740037E660 /* Build configuration list for PBXProject "SimbirSoft" */ = {
			isa = XCConfigurationList;
			buildConfigurations = (
				39F5D505287F32750037E660 /* Debug */,
				39F5D506287F32750037E660 /* Release */,
			);
			defaultConfigurationIsVisible = 0;
			defaultConfigurationName = Release;
		};
		39F5D507287F32750037E660 /* Build configuration list for PBXNativeTarget "SimbirSoft" */ = {
			isa = XCConfigurationList;
			buildConfigurations = (
				39F5D508287F32750037E660 /* Debug */,
				39F5D509287F32750037E660 /* Release */,
			);
			defaultConfigurationIsVisible = 0;
			defaultConfigurationName = Release;
		};
/* End XCConfigurationList section */

/* Begin XCVersionGroup section */
		3972CA7928C3749000450EE5 /* SimbirSoft.xcdatamodeld */ = {
			isa = XCVersionGroup;
			children = (
				3972CA7A28C3749000450EE5 /* SimbirSoft.xcdatamodel */,
			);
			currentVersion = 3972CA7A28C3749000450EE5 /* SimbirSoft.xcdatamodel */;
			path = SimbirSoft.xcdatamodeld;
			sourceTree = "<group>";
			versionGroupType = wrapper.xcdatamodel;
		};
/* End XCVersionGroup section */
	};
	rootObject = 39F5D4EB287F32740037E660 /* Project object */;
}
